PODS:
  - Alamofire (3.4.0)
  - JASON (2.2)
  - ReachabilitySwift (2.3.3)
  - Realm (0.103.1):
    - Realm/Headers (= 0.103.1)
  - Realm/Headers (0.103.1)
  - RealmSwift (0.103.1):
    - Realm (= 0.103.1)
  - RxCocoa (2.5.0):
    - RxSwift (~> 2.5)
  - RxSwift (2.5.0)
  - SlideMenuControllerSwift (2.1.1)
  - STZPopupView (1.0.2)

DEPENDENCIES:
  - Alamofire
  - JASON
  - ReachabilitySwift
  - RealmSwift
  - RxCocoa
  - RxSwift
  - SlideMenuControllerSwift
  - STZPopupView

SPEC CHECKSUMS:
  Alamofire: c19a627cefd6a95f840401c49ab1f124e07f54ee
  JASON: 0daa2c3ed902ccbfa94d6bb4cb356d252b9607ce
  ReachabilitySwift: e0f6b6f280effb47731acfaaa2d5ffe223703793
  Realm: 9ed57109332e95bdc48a7caedff80b70c51d5ef4
  RealmSwift: 56629adb4acd2dc33eb2c8199fe856585dfd3ba3
  RxCocoa: e1b1562e57a554d0fb2aabf9d71b637f177257c7
  RxSwift: 402b41a50e922a0368fc14cb3bc9f4427920e8ae
  SlideMenuControllerSwift: 82ada9b04e03538c84d034cf1c09e5849c0113f7
  STZPopupView: 4eb11a72c71d2942e23a4444d1bde40e563702e3

PODFILE CHECKSUM: 9272e59adc947e4c24f866984c1e693e9adf8457

COCOAPODS: 1.0.0
