<?xml version="1.0" encoding="UTF-8"?>
<!DOCTYPE plist PUBLIC "-//Apple//DTD PLIST 1.0//EN" "http://www.apple.com/DTDs/PropertyList-1.0.dtd">
<plist version="1.0">
<dict>
	<key>archiveVersion</key>
	<string>1</string>
	<key>classes</key>
	<dict/>
	<key>objectVersion</key>
	<string>46</string>
	<key>objects</key>
	<dict>
		<key>1D0405EA291E09047373F5A5</key>
		<dict>
			<key>buildActionMask</key>
			<string>2147483647</string>
			<key>files</key>
			<array/>
			<key>inputPaths</key>
			<array/>
			<key>isa</key>
			<string>PBXShellScriptBuildPhase</string>
			<key>name</key>
			<string>&#128230; Check Pods Manifest.lock</string>
			<key>outputPaths</key>
			<array/>
			<key>runOnlyForDeploymentPostprocessing</key>
			<string>0</string>
			<key>shellPath</key>
			<string>/bin/sh</string>
			<key>shellScript</key>
			<string>diff "${PODS_ROOT}/../Podfile.lock" "${PODS_ROOT}/Manifest.lock" &gt; /dev/null
if [[ $? != 0 ]] ; then
    cat &lt;&lt; EOM
error: The sandbox is not in sync with the Podfile.lock. Run 'pod install' or update your CocoaPods installation.
EOM
    exit 1
fi
</string>
			<key>showEnvVarsInLog</key>
			<string>0</string>
		</dict>
		<key>57624B90152372E8A669147B</key>
		<dict>
			<key>includeInIndex</key>
			<string>1</string>
			<key>isa</key>
			<string>PBXFileReference</string>
			<key>lastKnownFileType</key>
			<string>text.xcconfig</string>
			<key>name</key>
			<string>Pods-ERP.debug.xcconfig</string>
			<key>path</key>
			<string>Pods/Target Support Files/Pods-ERP/Pods-ERP.debug.xcconfig</string>
			<key>sourceTree</key>
			<string>&lt;group&gt;</string>
		</dict>
		<key>6053FB7A73623850A3F858E8</key>
		<dict>
			<key>buildActionMask</key>
			<string>2147483647</string>
			<key>files</key>
			<array/>
			<key>inputPaths</key>
			<array/>
			<key>isa</key>
			<string>PBXShellScriptBuildPhase</string>
			<key>name</key>
			<string>Embed Pods Frameworks</string>
			<key>outputPaths</key>
			<array/>
			<key>runOnlyForDeploymentPostprocessing</key>
			<string>0</string>
			<key>shellPath</key>
			<string>/bin/sh</string>
			<key>shellScript</key>
			<string>"${SRCROOT}/Pods/Target Support Files/Pods-ERP/Pods-ERP-frameworks.sh"
</string>
			<key>showEnvVarsInLog</key>
			<string>0</string>
		</dict>
		<key>845D77C21D1032EC007064EF</key>
		<dict>
			<key>fileEncoding</key>
			<string>4</string>
			<key>isa</key>
			<string>PBXFileReference</string>
			<key>lastKnownFileType</key>
			<string>sourcecode.swift</string>
			<key>path</key>
			<string>ClassRole.swift</string>
			<key>sourceTree</key>
			<string>&lt;group&gt;</string>
		</dict>
		<key>845D77C31D1032EC007064EF</key>
		<dict>
			<key>fileRef</key>
			<string>845D77C21D1032EC007064EF</string>
			<key>isa</key>
			<string>PBXBuildFile</string>
		</dict>
		<key>845D77C61D103E09007064EF</key>
		<dict>
			<key>children</key>
			<array>
				<string>845D77C71D103E17007064EF</string>
			</array>
			<key>isa</key>
			<string>PBXGroup</string>
			<key>name</key>
			<string>Tests</string>
			<key>sourceTree</key>
			<string>&lt;group&gt;</string>
		</dict>
		<key>845D77C71D103E17007064EF</key>
		<dict>
			<key>fileEncoding</key>
			<string>4</string>
			<key>isa</key>
			<string>PBXFileReference</string>
			<key>lastKnownFileType</key>
			<string>sourcecode.swift</string>
			<key>path</key>
			<string>InstructorTest.swift</string>
			<key>sourceTree</key>
			<string>&lt;group&gt;</string>
		</dict>
		<key>845D77C81D103E17007064EF</key>
		<dict>
			<key>fileRef</key>
			<string>845D77C71D103E17007064EF</string>
			<key>isa</key>
			<string>PBXBuildFile</string>
		</dict>
		<key>84EB369D1D0D63E00032F0F9</key>
		<dict>
			<key>children</key>
			<array>
				<string>84EB36A81D0D63E00032F0F9</string>
				<string>84EB36A71D0D63E00032F0F9</string>
				<string>DE213822A5F5D4C714102713</string>
				<string>9B679BD0CADD88211CD78098</string>
			</array>
			<key>isa</key>
			<string>PBXGroup</string>
			<key>sourceTree</key>
			<string>&lt;group&gt;</string>
		</dict>
		<key>84EB369E1D0D63E00032F0F9</key>
		<dict>
			<key>attributes</key>
			<dict>
				<key>LastSwiftUpdateCheck</key>
				<string>0730</string>
				<key>LastUpgradeCheck</key>
				<string>0730</string>
				<key>ORGANIZATIONNAME</key>
				<string>Techkids</string>
				<key>TargetAttributes</key>
				<dict>
					<key>84EB36A51D0D63E00032F0F9</key>
					<dict>
						<key>CreatedOnToolsVersion</key>
						<string>7.3.1</string>
						<key>DevelopmentTeam</key>
						<string>3CJF6M3857</string>
					</dict>
				</dict>
			</dict>
			<key>buildConfigurationList</key>
			<string>84EB36A11D0D63E00032F0F9</string>
			<key>compatibilityVersion</key>
			<string>Xcode 3.2</string>
			<key>developmentRegion</key>
			<string>English</string>
			<key>hasScannedForEncodings</key>
			<string>0</string>
			<key>isa</key>
			<string>PBXProject</string>
			<key>knownRegions</key>
			<array>
				<string>en</string>
				<string>Base</string>
			</array>
			<key>mainGroup</key>
			<string>84EB369D1D0D63E00032F0F9</string>
			<key>productRefGroup</key>
			<string>84EB36A71D0D63E00032F0F9</string>
			<key>projectDirPath</key>
			<string></string>
			<key>projectReferences</key>
			<array/>
			<key>projectRoot</key>
			<string></string>
			<key>targets</key>
			<array>
				<string>84EB36A51D0D63E00032F0F9</string>
			</array>
		</dict>
		<key>84EB36A11D0D63E00032F0F9</key>
		<dict>
			<key>buildConfigurations</key>
			<array>
				<string>84EB36B61D0D63E00032F0F9</string>
				<string>84EB36B71D0D63E00032F0F9</string>
			</array>
			<key>defaultConfigurationIsVisible</key>
			<string>0</string>
			<key>defaultConfigurationName</key>
			<string>Release</string>
			<key>isa</key>
			<string>XCConfigurationList</string>
		</dict>
		<key>84EB36A21D0D63E00032F0F9</key>
		<dict>
			<key>buildActionMask</key>
			<string>2147483647</string>
			<key>files</key>
			<array>
				<string>99422DE41D0F2BF7006BD11E</string>
				<string>99422DE91D0F2FDD006BD11E</string>
				<string>845D77C31D1032EC007064EF</string>
				<string>992846DB1D1055A600C7FC3F</string>
				<string>998278691D0DE489004F6846</string>
				<string>99422DDD1D0F10BD006BD11E</string>
				<string>84EB36AC1D0D63E00032F0F9</string>
				<string>84EB36AA1D0D63E00032F0F9</string>
				<string>998278631D0DDA39004F6846</string>
				<string>99422DDF1D0F1665006BD11E</string>
				<string>99422DE21D0F2A6E006BD11E</string>
				<string>998278671D0DDF85004F6846</string>
				<string>9982786C1D0DEF35004F6846</string>
				<string>992846DE1D105D2600C7FC3F</string>
				<string>845D77C81D103E17007064EF</string>
				<string>998278651D0DDD5C004F6846</string>
			</array>
			<key>isa</key>
			<string>PBXSourcesBuildPhase</string>
			<key>runOnlyForDeploymentPostprocessing</key>
			<string>0</string>
		</dict>
		<key>84EB36A31D0D63E00032F0F9</key>
		<dict>
			<key>buildActionMask</key>
			<string>2147483647</string>
			<key>files</key>
			<array>
				<string>9E74FD0E71B649476E6725CF</string>
			</array>
			<key>isa</key>
			<string>PBXFrameworksBuildPhase</string>
			<key>runOnlyForDeploymentPostprocessing</key>
			<string>0</string>
		</dict>
		<key>84EB36A41D0D63E00032F0F9</key>
		<dict>
			<key>buildActionMask</key>
			<string>2147483647</string>
			<key>files</key>
			<array>
				<string>84EB36B41D0D63E00032F0F9</string>
				<string>84EB36B11D0D63E00032F0F9</string>
				<string>84EB36AF1D0D63E00032F0F9</string>
			</array>
			<key>isa</key>
			<string>PBXResourcesBuildPhase</string>
			<key>runOnlyForDeploymentPostprocessing</key>
			<string>0</string>
		</dict>
		<key>84EB36A51D0D63E00032F0F9</key>
		<dict>
			<key>buildConfigurationList</key>
			<string>84EB36B81D0D63E00032F0F9</string>
			<key>buildPhases</key>
			<array>
				<string>1D0405EA291E09047373F5A5</string>
				<string>84EB36A21D0D63E00032F0F9</string>
				<string>84EB36A31D0D63E00032F0F9</string>
				<string>84EB36A41D0D63E00032F0F9</string>
				<string>91D54C33580471755E0CC094</string>
				<string>85BCEA0A038ED9F9268027FE</string>
				<string>6053FB7A73623850A3F858E8</string>
			</array>
			<key>buildRules</key>
			<array/>
			<key>dependencies</key>
			<array/>
			<key>isa</key>
			<string>PBXNativeTarget</string>
			<key>name</key>
			<string>ERP</string>
			<key>productName</key>
			<string>ERP</string>
			<key>productReference</key>
			<string>84EB36A61D0D63E00032F0F9</string>
			<key>productType</key>
			<string>com.apple.product-type.application</string>
		</dict>
		<key>84EB36A61D0D63E00032F0F9</key>
		<dict>
			<key>explicitFileType</key>
			<string>wrapper.application</string>
			<key>includeInIndex</key>
			<string>0</string>
			<key>isa</key>
			<string>PBXFileReference</string>
			<key>path</key>
			<string>ERP.app</string>
			<key>sourceTree</key>
			<string>BUILT_PRODUCTS_DIR</string>
		</dict>
		<key>84EB36A71D0D63E00032F0F9</key>
		<dict>
			<key>children</key>
			<array>
				<string>84EB36A61D0D63E00032F0F9</string>
			</array>
			<key>isa</key>
			<string>PBXGroup</string>
			<key>name</key>
			<string>Products</string>
			<key>sourceTree</key>
			<string>&lt;group&gt;</string>
		</dict>
		<key>84EB36A81D0D63E00032F0F9</key>
		<dict>
			<key>children</key>
			<array>
				<string>845D77C61D103E09007064EF</string>
				<string>84EB36A91D0D63E00032F0F9</string>
				<string>995319F81D0D68F500097E42</string>
				<string>99422DE51D0F2F24006BD11E</string>
				<string>995319F71D0D68DC00097E42</string>
				<string>995319F51D0D68AF00097E42</string>
				<string>995319F61D0D68CA00097E42</string>
				<string>84EB36B51D0D63E00032F0F9</string>
			</array>
			<key>isa</key>
			<string>PBXGroup</string>
			<key>path</key>
			<string>ERP</string>
			<key>sourceTree</key>
			<string>&lt;group&gt;</string>
		</dict>
		<key>84EB36A91D0D63E00032F0F9</key>
		<dict>
			<key>isa</key>
			<string>PBXFileReference</string>
			<key>lastKnownFileType</key>
			<string>sourcecode.swift</string>
			<key>path</key>
			<string>AppDelegate.swift</string>
			<key>sourceTree</key>
			<string>&lt;group&gt;</string>
		</dict>
		<key>84EB36AA1D0D63E00032F0F9</key>
		<dict>
			<key>fileRef</key>
			<string>84EB36A91D0D63E00032F0F9</string>
			<key>isa</key>
			<string>PBXBuildFile</string>
		</dict>
		<key>84EB36AB1D0D63E00032F0F9</key>
		<dict>
			<key>isa</key>
			<string>PBXFileReference</string>
			<key>lastKnownFileType</key>
			<string>sourcecode.swift</string>
			<key>path</key>
			<string>LoginViewController.swift</string>
			<key>sourceTree</key>
			<string>&lt;group&gt;</string>
		</dict>
		<key>84EB36AC1D0D63E00032F0F9</key>
		<dict>
			<key>fileRef</key>
			<string>84EB36AB1D0D63E00032F0F9</string>
			<key>isa</key>
			<string>PBXBuildFile</string>
		</dict>
		<key>84EB36AD1D0D63E00032F0F9</key>
		<dict>
			<key>children</key>
			<array>
				<string>84EB36AE1D0D63E00032F0F9</string>
			</array>
			<key>isa</key>
			<string>PBXVariantGroup</string>
			<key>name</key>
			<string>Main.storyboard</string>
			<key>sourceTree</key>
			<string>&lt;group&gt;</string>
		</dict>
		<key>84EB36AE1D0D63E00032F0F9</key>
		<dict>
			<key>isa</key>
			<string>PBXFileReference</string>
			<key>lastKnownFileType</key>
			<string>file.storyboard</string>
			<key>name</key>
			<string>Base</string>
			<key>path</key>
			<string>Base.lproj/Main.storyboard</string>
			<key>sourceTree</key>
			<string>&lt;group&gt;</string>
		</dict>
		<key>84EB36AF1D0D63E00032F0F9</key>
		<dict>
			<key>fileRef</key>
			<string>84EB36AD1D0D63E00032F0F9</string>
			<key>isa</key>
			<string>PBXBuildFile</string>
		</dict>
		<key>84EB36B01D0D63E00032F0F9</key>
		<dict>
			<key>isa</key>
			<string>PBXFileReference</string>
			<key>lastKnownFileType</key>
			<string>folder.assetcatalog</string>
			<key>path</key>
			<string>Assets.xcassets</string>
			<key>sourceTree</key>
			<string>&lt;group&gt;</string>
		</dict>
		<key>84EB36B11D0D63E00032F0F9</key>
		<dict>
			<key>fileRef</key>
			<string>84EB36B01D0D63E00032F0F9</string>
			<key>isa</key>
			<string>PBXBuildFile</string>
		</dict>
		<key>84EB36B21D0D63E00032F0F9</key>
		<dict>
			<key>children</key>
			<array>
				<string>84EB36B31D0D63E00032F0F9</string>
			</array>
			<key>isa</key>
			<string>PBXVariantGroup</string>
			<key>name</key>
			<string>LaunchScreen.storyboard</string>
			<key>sourceTree</key>
			<string>&lt;group&gt;</string>
		</dict>
		<key>84EB36B31D0D63E00032F0F9</key>
		<dict>
			<key>isa</key>
			<string>PBXFileReference</string>
			<key>lastKnownFileType</key>
			<string>file.storyboard</string>
			<key>name</key>
			<string>Base</string>
			<key>path</key>
			<string>Base.lproj/LaunchScreen.storyboard</string>
			<key>sourceTree</key>
			<string>&lt;group&gt;</string>
		</dict>
		<key>84EB36B41D0D63E00032F0F9</key>
		<dict>
			<key>fileRef</key>
			<string>84EB36B21D0D63E00032F0F9</string>
			<key>isa</key>
			<string>PBXBuildFile</string>
		</dict>
		<key>84EB36B51D0D63E00032F0F9</key>
		<dict>
			<key>isa</key>
			<string>PBXFileReference</string>
			<key>lastKnownFileType</key>
			<string>text.plist.xml</string>
			<key>path</key>
			<string>Info.plist</string>
			<key>sourceTree</key>
			<string>&lt;group&gt;</string>
		</dict>
		<key>84EB36B61D0D63E00032F0F9</key>
		<dict>
			<key>buildSettings</key>
			<dict>
				<key>ALWAYS_SEARCH_USER_PATHS</key>
				<string>NO</string>
				<key>CLANG_ANALYZER_NONNULL</key>
				<string>YES</string>
				<key>CLANG_CXX_LANGUAGE_STANDARD</key>
				<string>gnu++0x</string>
				<key>CLANG_CXX_LIBRARY</key>
				<string>libc++</string>
				<key>CLANG_ENABLE_MODULES</key>
				<string>YES</string>
				<key>CLANG_ENABLE_OBJC_ARC</key>
				<string>YES</string>
				<key>CLANG_WARN_BOOL_CONVERSION</key>
				<string>YES</string>
				<key>CLANG_WARN_CONSTANT_CONVERSION</key>
				<string>YES</string>
				<key>CLANG_WARN_DIRECT_OBJC_ISA_USAGE</key>
				<string>YES_ERROR</string>
				<key>CLANG_WARN_EMPTY_BODY</key>
				<string>YES</string>
				<key>CLANG_WARN_ENUM_CONVERSION</key>
				<string>YES</string>
				<key>CLANG_WARN_INT_CONVERSION</key>
				<string>YES</string>
				<key>CLANG_WARN_OBJC_ROOT_CLASS</key>
				<string>YES_ERROR</string>
				<key>CLANG_WARN_UNREACHABLE_CODE</key>
				<string>YES</string>
				<key>CLANG_WARN__DUPLICATE_METHOD_MATCH</key>
				<string>YES</string>
				<key>CODE_SIGN_IDENTITY[sdk=iphoneos*]</key>
				<string>iPhone Developer</string>
				<key>COPY_PHASE_STRIP</key>
				<string>NO</string>
				<key>DEBUG_INFORMATION_FORMAT</key>
				<string>dwarf</string>
				<key>ENABLE_STRICT_OBJC_MSGSEND</key>
				<string>YES</string>
				<key>ENABLE_TESTABILITY</key>
				<string>YES</string>
				<key>GCC_C_LANGUAGE_STANDARD</key>
				<string>gnu99</string>
				<key>GCC_DYNAMIC_NO_PIC</key>
				<string>NO</string>
				<key>GCC_NO_COMMON_BLOCKS</key>
				<string>YES</string>
				<key>GCC_OPTIMIZATION_LEVEL</key>
				<string>0</string>
				<key>GCC_PREPROCESSOR_DEFINITIONS</key>
				<array>
					<string>DEBUG=1</string>
					<string>$(inherited)</string>
				</array>
				<key>GCC_WARN_64_TO_32_BIT_CONVERSION</key>
				<string>YES</string>
				<key>GCC_WARN_ABOUT_RETURN_TYPE</key>
				<string>YES_ERROR</string>
				<key>GCC_WARN_UNDECLARED_SELECTOR</key>
				<string>YES</string>
				<key>GCC_WARN_UNINITIALIZED_AUTOS</key>
				<string>YES_AGGRESSIVE</string>
				<key>GCC_WARN_UNUSED_FUNCTION</key>
				<string>YES</string>
				<key>GCC_WARN_UNUSED_VARIABLE</key>
				<string>YES</string>
				<key>IPHONEOS_DEPLOYMENT_TARGET</key>
				<string>9.3</string>
				<key>MTL_ENABLE_DEBUG_INFO</key>
				<string>YES</string>
				<key>ONLY_ACTIVE_ARCH</key>
				<string>YES</string>
				<key>SDKROOT</key>
				<string>iphoneos</string>
				<key>SWIFT_OPTIMIZATION_LEVEL</key>
				<string>-Onone</string>
			</dict>
			<key>isa</key>
			<string>XCBuildConfiguration</string>
			<key>name</key>
			<string>Debug</string>
		</dict>
		<key>84EB36B71D0D63E00032F0F9</key>
		<dict>
			<key>buildSettings</key>
			<dict>
				<key>ALWAYS_SEARCH_USER_PATHS</key>
				<string>NO</string>
				<key>CLANG_ANALYZER_NONNULL</key>
				<string>YES</string>
				<key>CLANG_CXX_LANGUAGE_STANDARD</key>
				<string>gnu++0x</string>
				<key>CLANG_CXX_LIBRARY</key>
				<string>libc++</string>
				<key>CLANG_ENABLE_MODULES</key>
				<string>YES</string>
				<key>CLANG_ENABLE_OBJC_ARC</key>
				<string>YES</string>
				<key>CLANG_WARN_BOOL_CONVERSION</key>
				<string>YES</string>
				<key>CLANG_WARN_CONSTANT_CONVERSION</key>
				<string>YES</string>
				<key>CLANG_WARN_DIRECT_OBJC_ISA_USAGE</key>
				<string>YES_ERROR</string>
				<key>CLANG_WARN_EMPTY_BODY</key>
				<string>YES</string>
				<key>CLANG_WARN_ENUM_CONVERSION</key>
				<string>YES</string>
				<key>CLANG_WARN_INT_CONVERSION</key>
				<string>YES</string>
				<key>CLANG_WARN_OBJC_ROOT_CLASS</key>
				<string>YES_ERROR</string>
				<key>CLANG_WARN_UNREACHABLE_CODE</key>
				<string>YES</string>
				<key>CLANG_WARN__DUPLICATE_METHOD_MATCH</key>
				<string>YES</string>
				<key>CODE_SIGN_IDENTITY[sdk=iphoneos*]</key>
				<string>iPhone Developer</string>
				<key>COPY_PHASE_STRIP</key>
				<string>NO</string>
				<key>DEBUG_INFORMATION_FORMAT</key>
				<string>dwarf-with-dsym</string>
				<key>ENABLE_NS_ASSERTIONS</key>
				<string>NO</string>
				<key>ENABLE_STRICT_OBJC_MSGSEND</key>
				<string>YES</string>
				<key>GCC_C_LANGUAGE_STANDARD</key>
				<string>gnu99</string>
				<key>GCC_NO_COMMON_BLOCKS</key>
				<string>YES</string>
				<key>GCC_WARN_64_TO_32_BIT_CONVERSION</key>
				<string>YES</string>
				<key>GCC_WARN_ABOUT_RETURN_TYPE</key>
				<string>YES_ERROR</string>
				<key>GCC_WARN_UNDECLARED_SELECTOR</key>
				<string>YES</string>
				<key>GCC_WARN_UNINITIALIZED_AUTOS</key>
				<string>YES_AGGRESSIVE</string>
				<key>GCC_WARN_UNUSED_FUNCTION</key>
				<string>YES</string>
				<key>GCC_WARN_UNUSED_VARIABLE</key>
				<string>YES</string>
				<key>IPHONEOS_DEPLOYMENT_TARGET</key>
				<string>9.3</string>
				<key>MTL_ENABLE_DEBUG_INFO</key>
				<string>NO</string>
				<key>SDKROOT</key>
				<string>iphoneos</string>
				<key>VALIDATE_PRODUCT</key>
				<string>YES</string>
			</dict>
			<key>isa</key>
			<string>XCBuildConfiguration</string>
			<key>name</key>
			<string>Release</string>
		</dict>
		<key>84EB36B81D0D63E00032F0F9</key>
		<dict>
			<key>buildConfigurations</key>
			<array>
				<string>84EB36B91D0D63E00032F0F9</string>
				<string>84EB36BA1D0D63E00032F0F9</string>
			</array>
			<key>defaultConfigurationIsVisible</key>
			<string>0</string>
			<key>defaultConfigurationName</key>
			<string>Release</string>
			<key>isa</key>
			<string>XCConfigurationList</string>
		</dict>
		<key>84EB36B91D0D63E00032F0F9</key>
		<dict>
			<key>baseConfigurationReference</key>
			<string>57624B90152372E8A669147B</string>
			<key>buildSettings</key>
			<dict>
				<key>ASSETCATALOG_COMPILER_APPICON_NAME</key>
				<string>AppIcon</string>
				<key>CODE_SIGN_IDENTITY</key>
				<string>iPhone Developer</string>
				<key>CODE_SIGN_IDENTITY[sdk=iphoneos*]</key>
				<string>iPhone Developer</string>
				<key>DEFINES_MODULE</key>
				<string>YES</string>
				<key>INFOPLIST_FILE</key>
				<string>ERP/Info.plist</string>
				<key>IPHONEOS_DEPLOYMENT_TARGET</key>
				<string>8.0</string>
				<key>LD_RUNPATH_SEARCH_PATHS</key>
				<string>$(inherited) @executable_path/Frameworks</string>
				<key>PRODUCT_BUNDLE_IDENTIFIER</key>
				<string>vn.edu.techkids.ERP</string>
				<key>PRODUCT_NAME</key>
				<string>$(TARGET_NAME)</string>
				<key>PROVISIONING_PROFILE</key>
				<string></string>
				<key>TARGETED_DEVICE_FAMILY</key>
				<string>1</string>
			</dict>
			<key>isa</key>
			<string>XCBuildConfiguration</string>
			<key>name</key>
			<string>Debug</string>
		</dict>
		<key>84EB36BA1D0D63E00032F0F9</key>
		<dict>
			<key>baseConfigurationReference</key>
			<string>ADEAEBCACFC93462AA62EB28</string>
			<key>buildSettings</key>
			<dict>
				<key>ASSETCATALOG_COMPILER_APPICON_NAME</key>
				<string>AppIcon</string>
				<key>CODE_SIGN_IDENTITY</key>
				<string>iPhone Developer</string>
				<key>CODE_SIGN_IDENTITY[sdk=iphoneos*]</key>
				<string>iPhone Developer</string>
				<key>DEFINES_MODULE</key>
				<string>YES</string>
				<key>INFOPLIST_FILE</key>
				<string>ERP/Info.plist</string>
				<key>IPHONEOS_DEPLOYMENT_TARGET</key>
				<string>8.0</string>
				<key>LD_RUNPATH_SEARCH_PATHS</key>
				<string>$(inherited) @executable_path/Frameworks</string>
				<key>PRODUCT_BUNDLE_IDENTIFIER</key>
				<string>vn.edu.techkids.ERP</string>
				<key>PRODUCT_NAME</key>
				<string>$(TARGET_NAME)</string>
				<key>PROVISIONING_PROFILE</key>
				<string></string>
				<key>TARGETED_DEVICE_FAMILY</key>
				<string>1</string>
			</dict>
			<key>isa</key>
			<string>XCBuildConfiguration</string>
			<key>name</key>
			<string>Release</string>
		</dict>
		<key>85BCEA0A038ED9F9268027FE</key>
		<dict>
			<key>buildActionMask</key>
			<string>2147483647</string>
			<key>files</key>
			<array/>
			<key>inputPaths</key>
			<array/>
			<key>isa</key>
			<string>PBXShellScriptBuildPhase</string>
			<key>name</key>
			<string>&#128230; Copy Pods Resources</string>
			<key>outputPaths</key>
			<array/>
			<key>runOnlyForDeploymentPostprocessing</key>
			<string>0</string>
			<key>shellPath</key>
			<string>/bin/sh</string>
			<key>shellScript</key>
			<string>"${SRCROOT}/Pods/Target Support Files/Pods-ERP/Pods-ERP-resources.sh"
</string>
			<key>showEnvVarsInLog</key>
			<string>0</string>
		</dict>
		<key>91D54C33580471755E0CC094</key>
		<dict>
			<key>buildActionMask</key>
			<string>2147483647</string>
			<key>files</key>
			<array/>
			<key>inputPaths</key>
			<array/>
			<key>isa</key>
			<string>PBXShellScriptBuildPhase</string>
			<key>name</key>
			<string>&#128230; Embed Pods Frameworks</string>
			<key>outputPaths</key>
			<array/>
			<key>runOnlyForDeploymentPostprocessing</key>
			<string>0</string>
			<key>shellPath</key>
			<string>/bin/sh</string>
			<key>shellScript</key>
			<string>"${SRCROOT}/Pods/Target Support Files/Pods-ERP/Pods-ERP-frameworks.sh"
</string>
			<key>showEnvVarsInLog</key>
			<string>0</string>
		</dict>
		<key>992846D91D10556900C7FC3F</key>
		<dict>
			<key>children</key>
			<array>
				<string>992846DA1D1055A600C7FC3F</string>
			</array>
			<key>isa</key>
			<string>PBXGroup</string>
			<key>name</key>
			<string>Networking</string>
			<key>sourceTree</key>
			<string>&lt;group&gt;</string>
		</dict>
		<key>992846DA1D1055A600C7FC3F</key>
		<dict>
			<key>fileEncoding</key>
			<string>4</string>
			<key>isa</key>
			<string>PBXFileReference</string>
			<key>lastKnownFileType</key>
			<string>sourcecode.swift</string>
			<key>path</key>
			<string>RequestInstructor.swift</string>
			<key>sourceTree</key>
			<string>&lt;group&gt;</string>
		</dict>
		<key>992846DB1D1055A600C7FC3F</key>
		<dict>
			<key>fileRef</key>
			<string>992846DA1D1055A600C7FC3F</string>
			<key>isa</key>
			<string>PBXBuildFile</string>
		</dict>
		<key>992846DC1D105D0F00C7FC3F</key>
		<dict>
			<key>children</key>
			<array>
				<string>992846DD1D105D2600C7FC3F</string>
			</array>
			<key>isa</key>
			<string>PBXGroup</string>
			<key>name</key>
			<string>Lazy Image</string>
			<key>sourceTree</key>
			<string>&lt;group&gt;</string>
		</dict>
		<key>992846DD1D105D2600C7FC3F</key>
		<dict>
			<key>fileEncoding</key>
			<string>4</string>
			<key>isa</key>
			<string>PBXFileReference</string>
			<key>lastKnownFileType</key>
			<string>sourcecode.swift</string>
			<key>path</key>
			<string>LazyImage.swift</string>
			<key>sourceTree</key>
			<string>&lt;group&gt;</string>
		</dict>
		<key>992846DE1D105D2600C7FC3F</key>
		<dict>
			<key>fileRef</key>
			<string>992846DD1D105D2600C7FC3F</string>
			<key>isa</key>
			<string>PBXBuildFile</string>
		</dict>
		<key>99422DDC1D0F10BD006BD11E</key>
		<dict>
			<key>fileEncoding</key>
			<string>4</string>
			<key>isa</key>
			<string>PBXFileReference</string>
			<key>lastKnownFileType</key>
			<string>sourcecode.swift</string>
			<key>path</key>
			<string>NavigationController.swift</string>
			<key>sourceTree</key>
			<string>&lt;group&gt;</string>
		</dict>
		<key>99422DDD1D0F10BD006BD11E</key>
		<dict>
			<key>fileRef</key>
			<string>99422DDC1D0F10BD006BD11E</string>
			<key>isa</key>
			<string>PBXBuildFile</string>
		</dict>
		<key>99422DDE1D0F1665006BD11E</key>
		<dict>
			<key>fileEncoding</key>
			<string>4</string>
			<key>isa</key>
			<string>PBXFileReference</string>
			<key>lastKnownFileType</key>
			<string>sourcecode.swift</string>
			<key>path</key>
			<string>UIColorExtension.swift</string>
			<key>sourceTree</key>
			<string>&lt;group&gt;</string>
		</dict>
		<key>99422DDF1D0F1665006BD11E</key>
		<dict>
			<key>fileRef</key>
			<string>99422DDE1D0F1665006BD11E</string>
			<key>isa</key>
			<string>PBXBuildFile</string>
		</dict>
		<key>99422DE01D0F1E17006BD11E</key>
		<dict>
			<key>children</key>
			<array>
				<string>99422DE11D0F2A6E006BD11E</string>
			</array>
			<key>isa</key>
			<string>PBXGroup</string>
			<key>name</key>
			<string>Instructor Cell</string>
			<key>sourceTree</key>
			<string>&lt;group&gt;</string>
		</dict>
		<key>99422DE11D0F2A6E006BD11E</key>
		<dict>
			<key>fileEncoding</key>
			<string>4</string>
			<key>isa</key>
			<string>PBXFileReference</string>
			<key>lastKnownFileType</key>
			<string>sourcecode.swift</string>
			<key>path</key>
			<string>InstructorCell.swift</string>
			<key>sourceTree</key>
			<string>&lt;group&gt;</string>
		</dict>
		<key>99422DE21D0F2A6E006BD11E</key>
		<dict>
			<key>fileRef</key>
			<string>99422DE11D0F2A6E006BD11E</string>
			<key>isa</key>
			<string>PBXBuildFile</string>
		</dict>
		<key>99422DE31D0F2BF7006BD11E</key>
		<dict>
			<key>fileEncoding</key>
			<string>4</string>
			<key>isa</key>
			<string>PBXFileReference</string>
			<key>lastKnownFileType</key>
			<string>sourcecode.swift</string>
			<key>path</key>
			<string>Instructor.swift</string>
			<key>sourceTree</key>
			<string>&lt;group&gt;</string>
		</dict>
		<key>99422DE41D0F2BF7006BD11E</key>
		<dict>
			<key>fileRef</key>
			<string>99422DE31D0F2BF7006BD11E</string>
			<key>isa</key>
			<string>PBXBuildFile</string>
		</dict>
		<key>99422DE51D0F2F24006BD11E</key>
		<dict>
			<key>children</key>
			<array>
				<string>992846D91D10556900C7FC3F</string>
			</array>
			<key>isa</key>
			<string>PBXGroup</string>
			<key>name</key>
			<string>Utilities</string>
			<key>sourceTree</key>
			<string>&lt;group&gt;</string>
		</dict>
		<key>99422DE71D0F2FBD006BD11E</key>
		<dict>
			<key>children</key>
			<array>
				<string>99422DE81D0F2FDD006BD11E</string>
			</array>
			<key>isa</key>
			<string>PBXGroup</string>
			<key>name</key>
			<string>JSONKeys Extension</string>
			<key>sourceTree</key>
			<string>&lt;group&gt;</string>
		</dict>
		<key>99422DE81D0F2FDD006BD11E</key>
		<dict>
			<key>fileEncoding</key>
			<string>4</string>
			<key>isa</key>
			<string>PBXFileReference</string>
			<key>lastKnownFileType</key>
			<string>sourcecode.swift</string>
			<key>path</key>
			<string>JsonKeysExtension.swift</string>
			<key>sourceTree</key>
			<string>&lt;group&gt;</string>
		</dict>
		<key>99422DE91D0F2FDD006BD11E</key>
		<dict>
			<key>fileRef</key>
			<string>99422DE81D0F2FDD006BD11E</string>
			<key>isa</key>
			<string>PBXBuildFile</string>
		</dict>
		<key>995319F51D0D68AF00097E42</key>
		<dict>
			<key>children</key>
			<array>
				<string>84EB36B01D0D63E00032F0F9</string>
				<string>84EB36AD1D0D63E00032F0F9</string>
				<string>84EB36B21D0D63E00032F0F9</string>
				<string>99422DE01D0F1E17006BD11E</string>
			</array>
			<key>isa</key>
			<string>PBXGroup</string>
			<key>name</key>
			<string>View</string>
			<key>sourceTree</key>
			<string>&lt;group&gt;</string>
		</dict>
		<key>995319F61D0D68CA00097E42</key>
		<dict>
			<key>children</key>
			<array>
				<string>99422DDC1D0F10BD006BD11E</string>
				<string>998278621D0DDA39004F6846</string>
				<string>84EB36AB1D0D63E00032F0F9</string>
				<string>998278681D0DE489004F6846</string>
			</array>
			<key>isa</key>
			<string>PBXGroup</string>
			<key>name</key>
			<string>Controller</string>
			<key>sourceTree</key>
			<string>&lt;group&gt;</string>
		</dict>
		<key>995319F71D0D68DC00097E42</key>
		<dict>
			<key>children</key>
			<array>
				<string>998278661D0DDF85004F6846</string>
				<string>998278641D0DDD5C004F6846</string>
				<string>99422DE31D0F2BF7006BD11E</string>
				<string>845D77C21D1032EC007064EF</string>
			</array>
			<key>isa</key>
			<string>PBXGroup</string>
			<key>name</key>
			<string>Model</string>
			<key>sourceTree</key>
			<string>&lt;group&gt;</string>
		</dict>
		<key>995319F81D0D68F500097E42</key>
		<dict>
			<key>children</key>
			<array>
				<string>995319F91D0D692B00097E42</string>
				<string>995319FA1D0D693E00097E42</string>
			</array>
			<key>isa</key>
			<string>PBXGroup</string>
			<key>name</key>
			<string>Libs</string>
			<key>sourceTree</key>
			<string>&lt;group&gt;</string>
		</dict>
		<key>995319F91D0D692B00097E42</key>
		<dict>
			<key>children</key>
			<array>
				<string>99422DDE1D0F1665006BD11E</string>
			</array>
			<key>isa</key>
			<string>PBXGroup</string>
			<key>name</key>
			<string>Apple</string>
			<key>sourceTree</key>
			<string>&lt;group&gt;</string>
		</dict>
		<key>995319FA1D0D693E00097E42</key>
		<dict>
			<key>children</key>
			<array>
				<string>992846DC1D105D0F00C7FC3F</string>
				<string>99422DE71D0F2FBD006BD11E</string>
				<string>9982786A1D0DEF16004F6846</string>
			</array>
			<key>isa</key>
			<string>PBXGroup</string>
			<key>name</key>
			<string>Other</string>
			<key>sourceTree</key>
			<string>&lt;group&gt;</string>
		</dict>
		<key>998278621D0DDA39004F6846</key>
		<dict>
			<key>fileEncoding</key>
			<string>4</string>
			<key>isa</key>
			<string>PBXFileReference</string>
			<key>lastKnownFileType</key>
			<string>sourcecode.swift</string>
			<key>path</key>
			<string>StartViewController.swift</string>
			<key>sourceTree</key>
			<string>&lt;group&gt;</string>
		</dict>
		<key>998278631D0DDA39004F6846</key>
		<dict>
			<key>fileRef</key>
			<string>998278621D0DDA39004F6846</string>
			<key>isa</key>
			<string>PBXBuildFile</string>
		</dict>
		<key>998278641D0DDD5C004F6846</key>
		<dict>
			<key>fileEncoding</key>
			<string>4</string>
			<key>isa</key>
			<string>PBXFileReference</string>
			<key>lastKnownFileType</key>
			<string>sourcecode.swift</string>
			<key>path</key>
			<string>Login.swift</string>
			<key>sourceTree</key>
			<string>&lt;group&gt;</string>
		</dict>
		<key>998278651D0DDD5C004F6846</key>
		<dict>
			<key>fileRef</key>
			<string>998278641D0DDD5C004F6846</string>
			<key>isa</key>
			<string>PBXBuildFile</string>
		</dict>
		<key>998278661D0DDF85004F6846</key>
		<dict>
			<key>fileEncoding</key>
			<string>4</string>
			<key>isa</key>
			<string>PBXFileReference</string>
			<key>lastKnownFileType</key>
			<string>sourcecode.swift</string>
			<key>path</key>
			<string>DB.swift</string>
			<key>sourceTree</key>
			<string>&lt;group&gt;</string>
		</dict>
		<key>998278671D0DDF85004F6846</key>
		<dict>
			<key>fileRef</key>
			<string>998278661D0DDF85004F6846</string>
			<key>isa</key>
			<string>PBXBuildFile</string>
		</dict>
		<key>998278681D0DE489004F6846</key>
		<dict>
			<key>fileEncoding</key>
			<string>4</string>
			<key>isa</key>
			<string>PBXFileReference</string>
			<key>lastKnownFileType</key>
			<string>sourcecode.swift</string>
			<key>path</key>
			<string>SearchViewController.swift</string>
			<key>sourceTree</key>
			<string>&lt;group&gt;</string>
		</dict>
		<key>998278691D0DE489004F6846</key>
		<dict>
			<key>fileRef</key>
			<string>998278681D0DE489004F6846</string>
			<key>isa</key>
			<string>PBXBuildFile</string>
		</dict>
		<key>9982786A1D0DEF16004F6846</key>
		<dict>
			<key>children</key>
			<array>
				<string>9982786B1D0DEF35004F6846</string>
			</array>
			<key>isa</key>
			<string>PBXGroup</string>
			<key>name</key>
			<string>Alamofire Extension</string>
			<key>sourceTree</key>
			<string>&lt;group&gt;</string>
		</dict>
		<key>9982786B1D0DEF35004F6846</key>
		<dict>
			<key>fileEncoding</key>
			<string>4</string>
			<key>isa</key>
			<string>PBXFileReference</string>
			<key>lastKnownFileType</key>
			<string>sourcecode.swift</string>
			<key>path</key>
			<string>JASON+Alamofire.swift</string>
			<key>sourceTree</key>
			<string>&lt;group&gt;</string>
		</dict>
		<key>9982786C1D0DEF35004F6846</key>
		<dict>
			<key>fileRef</key>
			<string>9982786B1D0DEF35004F6846</string>
			<key>isa</key>
			<string>PBXBuildFile</string>
		</dict>
		<key>9B679BD0CADD88211CD78098</key>
		<dict>
			<key>children</key>
			<array>
				<string>9F6EA2CDD37166BACCB9C7BB</string>
			</array>
			<key>isa</key>
			<string>PBXGroup</string>
			<key>name</key>
			<string>Frameworks</string>
			<key>sourceTree</key>
			<string>&lt;group&gt;</string>
		</dict>
		<key>9E74FD0E71B649476E6725CF</key>
		<dict>
			<key>fileRef</key>
			<string>9F6EA2CDD37166BACCB9C7BB</string>
			<key>isa</key>
			<string>PBXBuildFile</string>
		</dict>
		<key>9F6EA2CDD37166BACCB9C7BB</key>
		<dict>
			<key>explicitFileType</key>
			<string>wrapper.framework</string>
			<key>includeInIndex</key>
			<string>0</string>
			<key>isa</key>
			<string>PBXFileReference</string>
			<key>path</key>
			<string>Pods_ERP.framework</string>
			<key>sourceTree</key>
			<string>BUILT_PRODUCTS_DIR</string>
		</dict>
		<key>ADEAEBCACFC93462AA62EB28</key>
		<dict>
			<key>includeInIndex</key>
			<string>1</string>
			<key>isa</key>
			<string>PBXFileReference</string>
			<key>lastKnownFileType</key>
			<string>text.xcconfig</string>
			<key>name</key>
			<string>Pods-ERP.release.xcconfig</string>
			<key>path</key>
			<string>Pods/Target Support Files/Pods-ERP/Pods-ERP.release.xcconfig</string>
			<key>sourceTree</key>
			<string>&lt;group&gt;</string>
		</dict>
		<key>DE213822A5F5D4C714102713</key>
		<dict>
			<key>children</key>
			<array>
				<string>57624B90152372E8A669147B</string>
				<string>ADEAEBCACFC93462AA62EB28</string>
			</array>
			<key>isa</key>
			<string>PBXGroup</string>
			<key>name</key>
			<string>Pods</string>
			<key>sourceTree</key>
			<string>&lt;group&gt;</string>
		</dict>
	</dict>
	<key>rootObject</key>
	<string>84EB369E1D0D63E00032F0F9</string>
</dict>
</plist>
