// !$*UTF8*$!
{
	archiveVersion = 1;
	classes = {
	};
	objectVersion = 46;
	objects = {

/* Begin PBXBuildFile section */
		84113C341D12DF750071966E /* InstructorTeachingRecordTest.swift in Sources */ = {isa = PBXBuildFile; fileRef = 84113C331D12DF750071966E /* InstructorTeachingRecordTest.swift */; };
		8413843B1D12BBDC00D84B17 /* ResponseMessage.swift in Sources */ = {isa = PBXBuildFile; fileRef = 8413843A1D12BBDC00D84B17 /* ResponseMessage.swift */; };
		84162E791D15B61F00CF6319 /* InstructorDetailView.xib in Resources */ = {isa = PBXBuildFile; fileRef = 84162E781D15B61F00CF6319 /* InstructorDetailView.xib */; };
		84162E7B1D15B95100CF6319 /* InstructorDetailView.swift in Sources */ = {isa = PBXBuildFile; fileRef = 84162E7A1D15B95100CF6319 /* InstructorDetailView.swift */; };
		8417C4B11D1D9B6700A77D20 /* TeachingRecordViewController.swift in Sources */ = {isa = PBXBuildFile; fileRef = 8417C4AF1D1D9B6700A77D20 /* TeachingRecordViewController.swift */; };
		8417C4B21D1D9B6700A77D20 /* TeachingRecordViewController.xib in Resources */ = {isa = PBXBuildFile; fileRef = 8417C4B01D1D9B6700A77D20 /* TeachingRecordViewController.xib */; };
		8417C4B51D1D9DE300A77D20 /* TeachingRecordCell.swift in Sources */ = {isa = PBXBuildFile; fileRef = 8417C4B31D1D9DE300A77D20 /* TeachingRecordCell.swift */; };
		845D77C31D1032EC007064EF /* ClassRole.swift in Sources */ = {isa = PBXBuildFile; fileRef = 845D77C21D1032EC007064EF /* ClassRole.swift */; };
		845D77C81D103E17007064EF /* InstructorTest.swift in Sources */ = {isa = PBXBuildFile; fileRef = 845D77C71D103E17007064EF /* InstructorTest.swift */; };
		845D77D01D11121F007064EF /* Constants.swift in Sources */ = {isa = PBXBuildFile; fileRef = 845D77CF1D11121F007064EF /* Constants.swift */; };
		845D77D21D11135D007064EF /* AddTeachingRecord.swift in Sources */ = {isa = PBXBuildFile; fileRef = 845D77D11D11135D007064EF /* AddTeachingRecord.swift */; };
		846FB4221D1ABC14007BBB34 /* HistoryViewController.swift in Sources */ = {isa = PBXBuildFile; fileRef = 846FB4211D1ABC14007BBB34 /* HistoryViewController.swift */; };
		846FBA1A1D1BD0620097B6E7 /* LeftViewController.swift in Sources */ = {isa = PBXBuildFile; fileRef = 846FBA191D1BD0620097B6E7 /* LeftViewController.swift */; };
		846FBA1C1D1BDA920097B6E7 /* LeftMenuItem.swift in Sources */ = {isa = PBXBuildFile; fileRef = 846FBA1B1D1BDA920097B6E7 /* LeftMenuItem.swift */; };
		846FBA1F1D1BDC3D0097B6E7 /* LeftMenuCell.swift in Sources */ = {isa = PBXBuildFile; fileRef = 846FBA1E1D1BDC3D0097B6E7 /* LeftMenuCell.swift */; };
		847C2F201D1272CA002A8DD9 /* TeachingRecord.swift in Sources */ = {isa = PBXBuildFile; fileRef = 847C2F1F1D1272CA002A8DD9 /* TeachingRecord.swift */; };
		847C2F221D1276EB002A8DD9 /* NetworkContext.swift in Sources */ = {isa = PBXBuildFile; fileRef = 847C2F211D1276EB002A8DD9 /* NetworkContext.swift */; };
		847EF7EC1D17ACF9008FAEE0 /* NetworkUtil.swift in Sources */ = {isa = PBXBuildFile; fileRef = 847EF7EB1D17ACF9008FAEE0 /* NetworkUtil.swift */; };
		847EF7F01D17B025008FAEE0 /* LaunchScreenViewController.swift in Sources */ = {isa = PBXBuildFile; fileRef = 847EF7EF1D17B025008FAEE0 /* LaunchScreenViewController.swift */; };
		84A4ED9A1D1CE65C00974319 /* TeachingRecordRequest.swift in Sources */ = {isa = PBXBuildFile; fileRef = 84A4ED991D1CE65C00974319 /* TeachingRecordRequest.swift */; };
		84A4ED9C1D1CEB8900974319 /* TeachingRecordRequestTest.swift in Sources */ = {isa = PBXBuildFile; fileRef = 84A4ED9B1D1CEB8900974319 /* TeachingRecordRequestTest.swift */; };
		84E33D831D13E82E00938600 /* NSDateExtensions.swift in Sources */ = {isa = PBXBuildFile; fileRef = 84E33D821D13E82E00938600 /* NSDateExtensions.swift */; };
		84E33D851D13F68800938600 /* ResponseMessageWithRecordId.swift in Sources */ = {isa = PBXBuildFile; fileRef = 84E33D841D13F68800938600 /* ResponseMessageWithRecordId.swift */; };
		84EB36AA1D0D63E00032F0F9 /* AppDelegate.swift in Sources */ = {isa = PBXBuildFile; fileRef = 84EB36A91D0D63E00032F0F9 /* AppDelegate.swift */; };
		84EB36AC1D0D63E00032F0F9 /* LoginViewController.swift in Sources */ = {isa = PBXBuildFile; fileRef = 84EB36AB1D0D63E00032F0F9 /* LoginViewController.swift */; };
		84EB36AF1D0D63E00032F0F9 /* Main.storyboard in Resources */ = {isa = PBXBuildFile; fileRef = 84EB36AD1D0D63E00032F0F9 /* Main.storyboard */; };
		84EB36B11D0D63E00032F0F9 /* Assets.xcassets in Resources */ = {isa = PBXBuildFile; fileRef = 84EB36B01D0D63E00032F0F9 /* Assets.xcassets */; };
		84EB36B41D0D63E00032F0F9 /* LaunchScreen.storyboard in Resources */ = {isa = PBXBuildFile; fileRef = 84EB36B21D0D63E00032F0F9 /* LaunchScreen.storyboard */; };
		90DE35E23F139959F9FC7890 /* Pods_ERP.framework in Frameworks */ = {isa = PBXBuildFile; fileRef = 2CB9367B2732EEC35309EB43 /* Pods_ERP.framework */; };
		992846DB1D1055A600C7FC3F /* RequestInstructor.swift in Sources */ = {isa = PBXBuildFile; fileRef = 992846DA1D1055A600C7FC3F /* RequestInstructor.swift */; };
		992846DE1D105D2600C7FC3F /* LazyImage.swift in Sources */ = {isa = PBXBuildFile; fileRef = 992846DD1D105D2600C7FC3F /* LazyImage.swift */; };
		99422DDD1D0F10BD006BD11E /* NavigationController.swift in Sources */ = {isa = PBXBuildFile; fileRef = 99422DDC1D0F10BD006BD11E /* NavigationController.swift */; };
		99422DDF1D0F1665006BD11E /* UIColorExtension.swift in Sources */ = {isa = PBXBuildFile; fileRef = 99422DDE1D0F1665006BD11E /* UIColorExtension.swift */; };
		99422DE21D0F2A6E006BD11E /* InstructorCell.swift in Sources */ = {isa = PBXBuildFile; fileRef = 99422DE11D0F2A6E006BD11E /* InstructorCell.swift */; };
		99422DE41D0F2BF7006BD11E /* Instructor.swift in Sources */ = {isa = PBXBuildFile; fileRef = 99422DE31D0F2BF7006BD11E /* Instructor.swift */; };
		99422DE91D0F2FDD006BD11E /* JsonKeysExtension.swift in Sources */ = {isa = PBXBuildFile; fileRef = 99422DE81D0F2FDD006BD11E /* JsonKeysExtension.swift */; };
		998278631D0DDA39004F6846 /* StartViewController.swift in Sources */ = {isa = PBXBuildFile; fileRef = 998278621D0DDA39004F6846 /* StartViewController.swift */; };
		998278651D0DDD5C004F6846 /* User.swift in Sources */ = {isa = PBXBuildFile; fileRef = 998278641D0DDD5C004F6846 /* User.swift */; };
		998278671D0DDF85004F6846 /* DB.swift in Sources */ = {isa = PBXBuildFile; fileRef = 998278661D0DDF85004F6846 /* DB.swift */; };
		998278691D0DE489004F6846 /* SearchViewController.swift in Sources */ = {isa = PBXBuildFile; fileRef = 998278681D0DE489004F6846 /* SearchViewController.swift */; };
		9982786C1D0DEF35004F6846 /* JASON+Alamofire.swift in Sources */ = {isa = PBXBuildFile; fileRef = 9982786B1D0DEF35004F6846 /* JASON+Alamofire.swift */; };
		99C505EF1D16E234000D0EDC /* UIViewControllerExtension.swift in Sources */ = {isa = PBXBuildFile; fileRef = 99C505EE1D16E234000D0EDC /* UIViewControllerExtension.swift */; };
/* End PBXBuildFile section */

/* Begin PBXFileReference section */
		28C9D4A082448A1D42C03B81 /* Pods-ERP.debug.xcconfig */ = {isa = PBXFileReference; includeInIndex = 1; lastKnownFileType = text.xcconfig; name = "Pods-ERP.debug.xcconfig"; path = "Pods/Target Support Files/Pods-ERP/Pods-ERP.debug.xcconfig"; sourceTree = "<group>"; };
		2CB9367B2732EEC35309EB43 /* Pods_ERP.framework */ = {isa = PBXFileReference; explicitFileType = wrapper.framework; includeInIndex = 0; path = Pods_ERP.framework; sourceTree = BUILT_PRODUCTS_DIR; };
		84113C331D12DF750071966E /* InstructorTeachingRecordTest.swift */ = {isa = PBXFileReference; fileEncoding = 4; lastKnownFileType = sourcecode.swift; path = InstructorTeachingRecordTest.swift; sourceTree = "<group>"; };
		8413843A1D12BBDC00D84B17 /* ResponseMessage.swift */ = {isa = PBXFileReference; fileEncoding = 4; lastKnownFileType = sourcecode.swift; path = ResponseMessage.swift; sourceTree = "<group>"; };
		84162E781D15B61F00CF6319 /* InstructorDetailView.xib */ = {isa = PBXFileReference; fileEncoding = 4; lastKnownFileType = file.xib; path = InstructorDetailView.xib; sourceTree = "<group>"; };
		84162E7A1D15B95100CF6319 /* InstructorDetailView.swift */ = {isa = PBXFileReference; fileEncoding = 4; lastKnownFileType = sourcecode.swift; path = InstructorDetailView.swift; sourceTree = "<group>"; };
		8417C4AF1D1D9B6700A77D20 /* TeachingRecordViewController.swift */ = {isa = PBXFileReference; fileEncoding = 4; lastKnownFileType = sourcecode.swift; path = TeachingRecordViewController.swift; sourceTree = "<group>"; };
		8417C4B01D1D9B6700A77D20 /* TeachingRecordViewController.xib */ = {isa = PBXFileReference; fileEncoding = 4; lastKnownFileType = file.xib; path = TeachingRecordViewController.xib; sourceTree = "<group>"; };
		8417C4B31D1D9DE300A77D20 /* TeachingRecordCell.swift */ = {isa = PBXFileReference; fileEncoding = 4; lastKnownFileType = sourcecode.swift; path = TeachingRecordCell.swift; sourceTree = "<group>"; };
		845D77C21D1032EC007064EF /* ClassRole.swift */ = {isa = PBXFileReference; fileEncoding = 4; lastKnownFileType = sourcecode.swift; path = ClassRole.swift; sourceTree = "<group>"; };
		845D77C71D103E17007064EF /* InstructorTest.swift */ = {isa = PBXFileReference; fileEncoding = 4; lastKnownFileType = sourcecode.swift; path = InstructorTest.swift; sourceTree = "<group>"; };
		845D77CF1D11121F007064EF /* Constants.swift */ = {isa = PBXFileReference; fileEncoding = 4; lastKnownFileType = sourcecode.swift; path = Constants.swift; sourceTree = "<group>"; };
		845D77D11D11135D007064EF /* AddTeachingRecord.swift */ = {isa = PBXFileReference; fileEncoding = 4; lastKnownFileType = sourcecode.swift; path = AddTeachingRecord.swift; sourceTree = "<group>"; };
		846FB4211D1ABC14007BBB34 /* HistoryViewController.swift */ = {isa = PBXFileReference; fileEncoding = 4; lastKnownFileType = sourcecode.swift; path = HistoryViewController.swift; sourceTree = "<group>"; };
		846FBA191D1BD0620097B6E7 /* LeftViewController.swift */ = {isa = PBXFileReference; fileEncoding = 4; lastKnownFileType = sourcecode.swift; path = LeftViewController.swift; sourceTree = "<group>"; };
		846FBA1B1D1BDA920097B6E7 /* LeftMenuItem.swift */ = {isa = PBXFileReference; fileEncoding = 4; lastKnownFileType = sourcecode.swift; path = LeftMenuItem.swift; sourceTree = "<group>"; };
		846FBA1E1D1BDC3D0097B6E7 /* LeftMenuCell.swift */ = {isa = PBXFileReference; fileEncoding = 4; lastKnownFileType = sourcecode.swift; path = LeftMenuCell.swift; sourceTree = "<group>"; };
		847C2F1F1D1272CA002A8DD9 /* TeachingRecord.swift */ = {isa = PBXFileReference; fileEncoding = 4; lastKnownFileType = sourcecode.swift; path = TeachingRecord.swift; sourceTree = "<group>"; };
		847C2F211D1276EB002A8DD9 /* NetworkContext.swift */ = {isa = PBXFileReference; fileEncoding = 4; lastKnownFileType = sourcecode.swift; path = NetworkContext.swift; sourceTree = "<group>"; };
		847EF7EB1D17ACF9008FAEE0 /* NetworkUtil.swift */ = {isa = PBXFileReference; fileEncoding = 4; lastKnownFileType = sourcecode.swift; path = NetworkUtil.swift; sourceTree = "<group>"; };
		847EF7EF1D17B025008FAEE0 /* LaunchScreenViewController.swift */ = {isa = PBXFileReference; fileEncoding = 4; lastKnownFileType = sourcecode.swift; path = LaunchScreenViewController.swift; sourceTree = "<group>"; };
		84A4ED991D1CE65C00974319 /* TeachingRecordRequest.swift */ = {isa = PBXFileReference; fileEncoding = 4; lastKnownFileType = sourcecode.swift; path = TeachingRecordRequest.swift; sourceTree = "<group>"; };
		84A4ED9B1D1CEB8900974319 /* TeachingRecordRequestTest.swift */ = {isa = PBXFileReference; fileEncoding = 4; lastKnownFileType = sourcecode.swift; path = TeachingRecordRequestTest.swift; sourceTree = "<group>"; };
		84E33D821D13E82E00938600 /* NSDateExtensions.swift */ = {isa = PBXFileReference; fileEncoding = 4; lastKnownFileType = sourcecode.swift; path = NSDateExtensions.swift; sourceTree = "<group>"; };
		84E33D841D13F68800938600 /* ResponseMessageWithRecordId.swift */ = {isa = PBXFileReference; fileEncoding = 4; lastKnownFileType = sourcecode.swift; path = ResponseMessageWithRecordId.swift; sourceTree = "<group>"; };
		84EB36A61D0D63E00032F0F9 /* ERP.app */ = {isa = PBXFileReference; explicitFileType = wrapper.application; includeInIndex = 0; path = ERP.app; sourceTree = BUILT_PRODUCTS_DIR; };
		84EB36A91D0D63E00032F0F9 /* AppDelegate.swift */ = {isa = PBXFileReference; lastKnownFileType = sourcecode.swift; path = AppDelegate.swift; sourceTree = "<group>"; };
		84EB36AB1D0D63E00032F0F9 /* LoginViewController.swift */ = {isa = PBXFileReference; lastKnownFileType = sourcecode.swift; path = LoginViewController.swift; sourceTree = "<group>"; };
		84EB36AE1D0D63E00032F0F9 /* Base */ = {isa = PBXFileReference; lastKnownFileType = file.storyboard; name = Base; path = Base.lproj/Main.storyboard; sourceTree = "<group>"; };
		84EB36B01D0D63E00032F0F9 /* Assets.xcassets */ = {isa = PBXFileReference; lastKnownFileType = folder.assetcatalog; path = Assets.xcassets; sourceTree = "<group>"; };
		84EB36B31D0D63E00032F0F9 /* Base */ = {isa = PBXFileReference; lastKnownFileType = file.storyboard; name = Base; path = Base.lproj/LaunchScreen.storyboard; sourceTree = "<group>"; };
		84EB36B51D0D63E00032F0F9 /* Info.plist */ = {isa = PBXFileReference; lastKnownFileType = text.plist.xml; path = Info.plist; sourceTree = "<group>"; };
		992846DA1D1055A600C7FC3F /* RequestInstructor.swift */ = {isa = PBXFileReference; fileEncoding = 4; lastKnownFileType = sourcecode.swift; path = RequestInstructor.swift; sourceTree = "<group>"; };
		992846DD1D105D2600C7FC3F /* LazyImage.swift */ = {isa = PBXFileReference; fileEncoding = 4; lastKnownFileType = sourcecode.swift; path = LazyImage.swift; sourceTree = "<group>"; };
		99422DDC1D0F10BD006BD11E /* NavigationController.swift */ = {isa = PBXFileReference; fileEncoding = 4; lastKnownFileType = sourcecode.swift; path = NavigationController.swift; sourceTree = "<group>"; };
		99422DDE1D0F1665006BD11E /* UIColorExtension.swift */ = {isa = PBXFileReference; fileEncoding = 4; lastKnownFileType = sourcecode.swift; path = UIColorExtension.swift; sourceTree = "<group>"; };
		99422DE11D0F2A6E006BD11E /* InstructorCell.swift */ = {isa = PBXFileReference; fileEncoding = 4; lastKnownFileType = sourcecode.swift; path = InstructorCell.swift; sourceTree = "<group>"; };
		99422DE31D0F2BF7006BD11E /* Instructor.swift */ = {isa = PBXFileReference; fileEncoding = 4; lastKnownFileType = sourcecode.swift; path = Instructor.swift; sourceTree = "<group>"; };
		99422DE81D0F2FDD006BD11E /* JsonKeysExtension.swift */ = {isa = PBXFileReference; fileEncoding = 4; lastKnownFileType = sourcecode.swift; path = JsonKeysExtension.swift; sourceTree = "<group>"; };
		998278621D0DDA39004F6846 /* StartViewController.swift */ = {isa = PBXFileReference; fileEncoding = 4; lastKnownFileType = sourcecode.swift; path = StartViewController.swift; sourceTree = "<group>"; };
		998278641D0DDD5C004F6846 /* User.swift */ = {isa = PBXFileReference; fileEncoding = 4; lastKnownFileType = sourcecode.swift; path = User.swift; sourceTree = "<group>"; };
		998278661D0DDF85004F6846 /* DB.swift */ = {isa = PBXFileReference; fileEncoding = 4; lastKnownFileType = sourcecode.swift; path = DB.swift; sourceTree = "<group>"; };
		998278681D0DE489004F6846 /* SearchViewController.swift */ = {isa = PBXFileReference; fileEncoding = 4; lastKnownFileType = sourcecode.swift; path = SearchViewController.swift; sourceTree = "<group>"; };
		9982786B1D0DEF35004F6846 /* JASON+Alamofire.swift */ = {isa = PBXFileReference; fileEncoding = 4; lastKnownFileType = sourcecode.swift; path = "JASON+Alamofire.swift"; sourceTree = "<group>"; };
		99C505EE1D16E234000D0EDC /* UIViewControllerExtension.swift */ = {isa = PBXFileReference; fileEncoding = 4; lastKnownFileType = sourcecode.swift; path = UIViewControllerExtension.swift; sourceTree = "<group>"; };
		DF7513E8D07B7B138EB56812 /* Pods-ERP.release.xcconfig */ = {isa = PBXFileReference; includeInIndex = 1; lastKnownFileType = text.xcconfig; name = "Pods-ERP.release.xcconfig"; path = "Pods/Target Support Files/Pods-ERP/Pods-ERP.release.xcconfig"; sourceTree = "<group>"; };
/* End PBXFileReference section */

/* Begin PBXFrameworksBuildPhase section */
		84EB36A31D0D63E00032F0F9 /* Frameworks */ = {
			isa = PBXFrameworksBuildPhase;
			buildActionMask = 2147483647;
			files = (
				90DE35E23F139959F9FC7890 /* Pods_ERP.framework in Frameworks */,
			);
			runOnlyForDeploymentPostprocessing = 0;
		};
/* End PBXFrameworksBuildPhase section */

/* Begin PBXGroup section */
		1A16234F3B8EA8986B9321F0 /* Frameworks */ = {
			isa = PBXGroup;
			children = (
				2CB9367B2732EEC35309EB43 /* Pods_ERP.framework */,
			);
			name = Frameworks;
			sourceTree = "<group>";
		};
		7DE61A1EF5D991FE2FD05473 /* Pods */ = {
			isa = PBXGroup;
			children = (
				28C9D4A082448A1D42C03B81 /* Pods-ERP.debug.xcconfig */,
				DF7513E8D07B7B138EB56812 /* Pods-ERP.release.xcconfig */,
			);
			name = Pods;
			sourceTree = "<group>";
		};
		8417C4AC1D1D995300A77D20 /* TeachingRecord Cell */ = {
			isa = PBXGroup;
			children = (
				8417C4B31D1D9DE300A77D20 /* TeachingRecordCell.swift */,
			);
			name = "TeachingRecord Cell";
			sourceTree = "<group>";
		};
		845D77C61D103E09007064EF /* Tests */ = {
			isa = PBXGroup;
			children = (
				845D77C71D103E17007064EF /* InstructorTest.swift */,
				84113C331D12DF750071966E /* InstructorTeachingRecordTest.swift */,
				84A4ED9B1D1CEB8900974319 /* TeachingRecordRequestTest.swift */,
			);
			name = Tests;
			sourceTree = "<group>";
		};
		845D77CE1D11120A007064EF /* Contants */ = {
			isa = PBXGroup;
			children = (
				845D77CF1D11121F007064EF /* Constants.swift */,
			);
			name = Contants;
			sourceTree = "<group>";
		};
		846FBA1D1D1BDC1D0097B6E7 /* Menu Cell */ = {
			isa = PBXGroup;
			children = (
				846FBA1E1D1BDC3D0097B6E7 /* LeftMenuCell.swift */,
			);
			name = "Menu Cell";
			sourceTree = "<group>";
		};
		847C2F1A1D126C62002A8DD9 /* Rx */ = {
			isa = PBXGroup;
			children = (
			);
			name = Rx;
			sourceTree = "<group>";
		};
		84E33D811D13E81A00938600 /* StringFormats */ = {
			isa = PBXGroup;
			children = (
			);
			name = StringFormats;
			sourceTree = "<group>";
		};
		84EB369D1D0D63E00032F0F9 = {
			isa = PBXGroup;
			children = (
				84EB36A81D0D63E00032F0F9 /* ERP */,
				84EB36A71D0D63E00032F0F9 /* Products */,
				7DE61A1EF5D991FE2FD05473 /* Pods */,
				1A16234F3B8EA8986B9321F0 /* Frameworks */,
			);
			sourceTree = "<group>";
		};
		84EB36A71D0D63E00032F0F9 /* Products */ = {
			isa = PBXGroup;
			children = (
				84EB36A61D0D63E00032F0F9 /* ERP.app */,
			);
			name = Products;
			sourceTree = "<group>";
		};
		84EB36A81D0D63E00032F0F9 /* ERP */ = {
			isa = PBXGroup;
			children = (
				84EB36A91D0D63E00032F0F9 /* AppDelegate.swift */,
				845D77CE1D11120A007064EF /* Contants */,
				845D77C61D103E09007064EF /* Tests */,
				995319F81D0D68F500097E42 /* Libs */,
				99422DE51D0F2F24006BD11E /* Utilities */,
				995319F71D0D68DC00097E42 /* Model */,
				995319F51D0D68AF00097E42 /* View */,
				995319F61D0D68CA00097E42 /* Controller */,
				84EB36B51D0D63E00032F0F9 /* Info.plist */,
				847EF7EF1D17B025008FAEE0 /* LaunchScreenViewController.swift */,
			);
			path = ERP;
			sourceTree = "<group>";
		};
		992846D91D10556900C7FC3F /* Networking */ = {
			isa = PBXGroup;
			children = (
				992846DA1D1055A600C7FC3F /* RequestInstructor.swift */,
				847C2F211D1276EB002A8DD9 /* NetworkContext.swift */,
				8413843A1D12BBDC00D84B17 /* ResponseMessage.swift */,
				84E33D841D13F68800938600 /* ResponseMessageWithRecordId.swift */,
				847EF7EB1D17ACF9008FAEE0 /* NetworkUtil.swift */,
			);
			name = Networking;
			sourceTree = "<group>";
		};
		992846DC1D105D0F00C7FC3F /* Lazy Image */ = {
			isa = PBXGroup;
			children = (
				992846DD1D105D2600C7FC3F /* LazyImage.swift */,
			);
			name = "Lazy Image";
			sourceTree = "<group>";
		};
		99422DE01D0F1E17006BD11E /* Instructor Cell */ = {
			isa = PBXGroup;
			children = (
				99422DE11D0F2A6E006BD11E /* InstructorCell.swift */,
			);
			name = "Instructor Cell";
			sourceTree = "<group>";
		};
		99422DE51D0F2F24006BD11E /* Utilities */ = {
			isa = PBXGroup;
			children = (
				84E33D811D13E81A00938600 /* StringFormats */,
				992846D91D10556900C7FC3F /* Networking */,
			);
			name = Utilities;
			sourceTree = "<group>";
		};
		99422DE71D0F2FBD006BD11E /* JSONKeys Extension */ = {
			isa = PBXGroup;
			children = (
				99422DE81D0F2FDD006BD11E /* JsonKeysExtension.swift */,
			);
			name = "JSONKeys Extension";
			sourceTree = "<group>";
		};
		995319F51D0D68AF00097E42 /* View */ = {
			isa = PBXGroup;
			children = (
				84EB36B01D0D63E00032F0F9 /* Assets.xcassets */,
				84EB36AD1D0D63E00032F0F9 /* Main.storyboard */,
				84EB36B21D0D63E00032F0F9 /* LaunchScreen.storyboard */,
				8417C4B01D1D9B6700A77D20 /* TeachingRecordViewController.xib */,
				8417C4AC1D1D995300A77D20 /* TeachingRecord Cell */,
				99422DE01D0F1E17006BD11E /* Instructor Cell */,
				846FBA1D1D1BDC1D0097B6E7 /* Menu Cell */,
				84162E781D15B61F00CF6319 /* InstructorDetailView.xib */,
			);
			name = View;
			sourceTree = "<group>";
		};
		995319F61D0D68CA00097E42 /* Controller */ = {
			isa = PBXGroup;
			children = (
				99422DDC1D0F10BD006BD11E /* NavigationController.swift */,
				998278621D0DDA39004F6846 /* StartViewController.swift */,
				84EB36AB1D0D63E00032F0F9 /* LoginViewController.swift */,
				998278681D0DE489004F6846 /* SearchViewController.swift */,
				845D77D11D11135D007064EF /* AddTeachingRecord.swift */,
				84162E7A1D15B95100CF6319 /* InstructorDetailView.swift */,
				846FB4211D1ABC14007BBB34 /* HistoryViewController.swift */,
				846FBA191D1BD0620097B6E7 /* LeftViewController.swift */,
				8417C4AF1D1D9B6700A77D20 /* TeachingRecordViewController.swift */,
			);
			name = Controller;
			sourceTree = "<group>";
		};
		995319F71D0D68DC00097E42 /* Model */ = {
			isa = PBXGroup;
			children = (
				998278661D0DDF85004F6846 /* DB.swift */,
				998278641D0DDD5C004F6846 /* User.swift */,
				99422DE31D0F2BF7006BD11E /* Instructor.swift */,
				845D77C21D1032EC007064EF /* ClassRole.swift */,
				847C2F1F1D1272CA002A8DD9 /* TeachingRecord.swift */,
				846FBA1B1D1BDA920097B6E7 /* LeftMenuItem.swift */,
				84A4ED991D1CE65C00974319 /* TeachingRecordRequest.swift */,
			);
			name = Model;
			sourceTree = "<group>";
		};
		995319F81D0D68F500097E42 /* Libs */ = {
			isa = PBXGroup;
			children = (
				995319F91D0D692B00097E42 /* Apple */,
				995319FA1D0D693E00097E42 /* Other */,
			);
			name = Libs;
			sourceTree = "<group>";
		};
		995319F91D0D692B00097E42 /* Apple */ = {
			isa = PBXGroup;
			children = (
				84E33D821D13E82E00938600 /* NSDateExtensions.swift */,
				99422DDE1D0F1665006BD11E /* UIColorExtension.swift */,
				99C505EE1D16E234000D0EDC /* UIViewControllerExtension.swift */,
			);
			name = Apple;
			sourceTree = "<group>";
		};
		995319FA1D0D693E00097E42 /* Other */ = {
			isa = PBXGroup;
			children = (
				847C2F1A1D126C62002A8DD9 /* Rx */,
				992846DC1D105D0F00C7FC3F /* Lazy Image */,
				99422DE71D0F2FBD006BD11E /* JSONKeys Extension */,
				9982786A1D0DEF16004F6846 /* Alamofire Extension */,
			);
			name = Other;
			sourceTree = "<group>";
		};
		9982786A1D0DEF16004F6846 /* Alamofire Extension */ = {
			isa = PBXGroup;
			children = (
				9982786B1D0DEF35004F6846 /* JASON+Alamofire.swift */,
			);
			name = "Alamofire Extension";
			sourceTree = "<group>";
		};
/* End PBXGroup section */

/* Begin PBXNativeTarget section */
		84EB36A51D0D63E00032F0F9 /* ERP */ = {
			isa = PBXNativeTarget;
			buildConfigurationList = 84EB36B81D0D63E00032F0F9 /* Build configuration list for PBXNativeTarget "ERP" */;
			buildPhases = (
				CDFEE4A0536B67DF29FCCC01 /* 📦 Check Pods Manifest.lock */,
				84EB36A21D0D63E00032F0F9 /* Sources */,
				84EB36A31D0D63E00032F0F9 /* Frameworks */,
				84EB36A41D0D63E00032F0F9 /* Resources */,
				A86C25264CB76F99836F978A /* 📦 Embed Pods Frameworks */,
				7AAB3E583258D3861D9A51BD /* 📦 Copy Pods Resources */,
			);
			buildRules = (
			);
			dependencies = (
			);
			name = ERP;
			productName = ERP;
			productReference = 84EB36A61D0D63E00032F0F9 /* ERP.app */;
			productType = "com.apple.product-type.application";
		};
/* End PBXNativeTarget section */

/* Begin PBXProject section */
		84EB369E1D0D63E00032F0F9 /* Project object */ = {
			isa = PBXProject;
			attributes = {
				LastSwiftUpdateCheck = 0730;
				LastUpgradeCheck = 0730;
				ORGANIZATIONNAME = Techkids;
				TargetAttributes = {
					84EB36A51D0D63E00032F0F9 = {
						CreatedOnToolsVersion = 7.3.1;
						DevelopmentTeam = 56YJ3N6KSG;
						SystemCapabilities = {
							com.apple.BackgroundModes = {
								enabled = 1;
							};
						};
					};
				};
			};
			buildConfigurationList = 84EB36A11D0D63E00032F0F9 /* Build configuration list for PBXProject "ERP" */;
			compatibilityVersion = "Xcode 3.2";
			developmentRegion = English;
			hasScannedForEncodings = 0;
			knownRegions = (
				en,
				Base,
			);
			mainGroup = 84EB369D1D0D63E00032F0F9;
			productRefGroup = 84EB36A71D0D63E00032F0F9 /* Products */;
			projectDirPath = "";
			projectRoot = "";
			targets = (
				84EB36A51D0D63E00032F0F9 /* ERP */,
			);
		};
/* End PBXProject section */

/* Begin PBXResourcesBuildPhase section */
		84EB36A41D0D63E00032F0F9 /* Resources */ = {
			isa = PBXResourcesBuildPhase;
			buildActionMask = 2147483647;
			files = (
				8417C4B21D1D9B6700A77D20 /* TeachingRecordViewController.xib in Resources */,
				84EB36B41D0D63E00032F0F9 /* LaunchScreen.storyboard in Resources */,
				84EB36B11D0D63E00032F0F9 /* Assets.xcassets in Resources */,
				84EB36AF1D0D63E00032F0F9 /* Main.storyboard in Resources */,
				84162E791D15B61F00CF6319 /* InstructorDetailView.xib in Resources */,
			);
			runOnlyForDeploymentPostprocessing = 0;
		};
/* End PBXResourcesBuildPhase section */

/* Begin PBXShellScriptBuildPhase section */
		7AAB3E583258D3861D9A51BD /* 📦 Copy Pods Resources */ = {
			isa = PBXShellScriptBuildPhase;
			buildActionMask = 2147483647;
			files = (
			);
			inputPaths = (
			);
			name = "📦 Copy Pods Resources";
			outputPaths = (
			);
			runOnlyForDeploymentPostprocessing = 0;
			shellPath = /bin/sh;
			shellScript = "\"${SRCROOT}/Pods/Target Support Files/Pods-ERP/Pods-ERP-resources.sh\"\n";
			showEnvVarsInLog = 0;
		};
		A86C25264CB76F99836F978A /* 📦 Embed Pods Frameworks */ = {
			isa = PBXShellScriptBuildPhase;
			buildActionMask = 2147483647;
			files = (
			);
			inputPaths = (
			);
			name = "📦 Embed Pods Frameworks";
			outputPaths = (
			);
			runOnlyForDeploymentPostprocessing = 0;
			shellPath = /bin/sh;
			shellScript = "\"${SRCROOT}/Pods/Target Support Files/Pods-ERP/Pods-ERP-frameworks.sh\"\n";
			showEnvVarsInLog = 0;
		};
		CDFEE4A0536B67DF29FCCC01 /* 📦 Check Pods Manifest.lock */ = {
			isa = PBXShellScriptBuildPhase;
			buildActionMask = 2147483647;
			files = (
			);
			inputPaths = (
			);
			name = "📦 Check Pods Manifest.lock";
			outputPaths = (
			);
			runOnlyForDeploymentPostprocessing = 0;
			shellPath = /bin/sh;
			shellScript = "diff \"${PODS_ROOT}/../Podfile.lock\" \"${PODS_ROOT}/Manifest.lock\" > /dev/null\nif [[ $? != 0 ]] ; then\n    cat << EOM\nerror: The sandbox is not in sync with the Podfile.lock. Run 'pod install' or update your CocoaPods installation.\nEOM\n    exit 1\nfi\n";
			showEnvVarsInLog = 0;
		};
/* End PBXShellScriptBuildPhase section */

/* Begin PBXSourcesBuildPhase section */
		84EB36A21D0D63E00032F0F9 /* Sources */ = {
			isa = PBXSourcesBuildPhase;
			buildActionMask = 2147483647;
			files = (
				847EF7EC1D17ACF9008FAEE0 /* NetworkUtil.swift in Sources */,
				8417C4B51D1D9DE300A77D20 /* TeachingRecordCell.swift in Sources */,
				845D77D21D11135D007064EF /* AddTeachingRecord.swift in Sources */,
				99422DE41D0F2BF7006BD11E /* Instructor.swift in Sources */,
				846FBA1A1D1BD0620097B6E7 /* LeftViewController.swift in Sources */,
				84113C341D12DF750071966E /* InstructorTeachingRecordTest.swift in Sources */,
				84A4ED9A1D1CE65C00974319 /* TeachingRecordRequest.swift in Sources */,
				845D77D01D11121F007064EF /* Constants.swift in Sources */,
				99422DE91D0F2FDD006BD11E /* JsonKeysExtension.swift in Sources */,
				845D77C31D1032EC007064EF /* ClassRole.swift in Sources */,
				847EF7F01D17B025008FAEE0 /* LaunchScreenViewController.swift in Sources */,
				846FB4221D1ABC14007BBB34 /* HistoryViewController.swift in Sources */,
				847C2F201D1272CA002A8DD9 /* TeachingRecord.swift in Sources */,
				846FBA1C1D1BDA920097B6E7 /* LeftMenuItem.swift in Sources */,
				992846DB1D1055A600C7FC3F /* RequestInstructor.swift in Sources */,
				846FBA1F1D1BDC3D0097B6E7 /* LeftMenuCell.swift in Sources */,
				998278691D0DE489004F6846 /* SearchViewController.swift in Sources */,
				99422DDD1D0F10BD006BD11E /* NavigationController.swift in Sources */,
				84EB36AC1D0D63E00032F0F9 /* LoginViewController.swift in Sources */,
				847C2F221D1276EB002A8DD9 /* NetworkContext.swift in Sources */,
				84E33D831D13E82E00938600 /* NSDateExtensions.swift in Sources */,
				84EB36AA1D0D63E00032F0F9 /* AppDelegate.swift in Sources */,
				998278631D0DDA39004F6846 /* StartViewController.swift in Sources */,
				99422DDF1D0F1665006BD11E /* UIColorExtension.swift in Sources */,
				84E33D851D13F68800938600 /* ResponseMessageWithRecordId.swift in Sources */,
				99422DE21D0F2A6E006BD11E /* InstructorCell.swift in Sources */,
				998278671D0DDF85004F6846 /* DB.swift in Sources */,
				9982786C1D0DEF35004F6846 /* JASON+Alamofire.swift in Sources */,
				84A4ED9C1D1CEB8900974319 /* TeachingRecordRequestTest.swift in Sources */,
				992846DE1D105D2600C7FC3F /* LazyImage.swift in Sources */,
				8413843B1D12BBDC00D84B17 /* ResponseMessage.swift in Sources */,
				99C505EF1D16E234000D0EDC /* UIViewControllerExtension.swift in Sources */,
				845D77C81D103E17007064EF /* InstructorTest.swift in Sources */,
				998278651D0DDD5C004F6846 /* User.swift in Sources */,
				8417C4B11D1D9B6700A77D20 /* TeachingRecordViewController.swift in Sources */,
				84162E7B1D15B95100CF6319 /* InstructorDetailView.swift in Sources */,
			);
			runOnlyForDeploymentPostprocessing = 0;
		};
/* End PBXSourcesBuildPhase section */

/* Begin PBXVariantGroup section */
		84EB36AD1D0D63E00032F0F9 /* Main.storyboard */ = {
			isa = PBXVariantGroup;
			children = (
				84EB36AE1D0D63E00032F0F9 /* Base */,
			);
			name = Main.storyboard;
			sourceTree = "<group>";
		};
		84EB36B21D0D63E00032F0F9 /* LaunchScreen.storyboard */ = {
			isa = PBXVariantGroup;
			children = (
				84EB36B31D0D63E00032F0F9 /* Base */,
			);
			name = LaunchScreen.storyboard;
			sourceTree = "<group>";
		};
/* End PBXVariantGroup section */

/* Begin XCBuildConfiguration section */
		84EB36B61D0D63E00032F0F9 /* Debug */ = {
			isa = XCBuildConfiguration;
			buildSettings = {
				ALWAYS_SEARCH_USER_PATHS = NO;
				CLANG_ANALYZER_NONNULL = YES;
				CLANG_CXX_LANGUAGE_STANDARD = "gnu++0x";
				CLANG_CXX_LIBRARY = "libc++";
				CLANG_ENABLE_MODULES = YES;
				CLANG_ENABLE_OBJC_ARC = YES;
				CLANG_WARN_BOOL_CONVERSION = YES;
				CLANG_WARN_CONSTANT_CONVERSION = YES;
				CLANG_WARN_DIRECT_OBJC_ISA_USAGE = YES_ERROR;
				CLANG_WARN_EMPTY_BODY = YES;
				CLANG_WARN_ENUM_CONVERSION = YES;
				CLANG_WARN_INT_CONVERSION = YES;
				CLANG_WARN_OBJC_ROOT_CLASS = YES_ERROR;
				CLANG_WARN_UNREACHABLE_CODE = YES;
				CLANG_WARN__DUPLICATE_METHOD_MATCH = YES;
				"CODE_SIGN_IDENTITY[sdk=iphoneos*]" = "iPhone Developer";
				COPY_PHASE_STRIP = NO;
				DEBUG_INFORMATION_FORMAT = dwarf;
				ENABLE_STRICT_OBJC_MSGSEND = YES;
				ENABLE_TESTABILITY = YES;
				GCC_C_LANGUAGE_STANDARD = gnu99;
				GCC_DYNAMIC_NO_PIC = NO;
				GCC_NO_COMMON_BLOCKS = YES;
				GCC_OPTIMIZATION_LEVEL = 0;
				GCC_PREPROCESSOR_DEFINITIONS = (
					"DEBUG=1",
					"$(inherited)",
				);
				GCC_WARN_64_TO_32_BIT_CONVERSION = YES;
				GCC_WARN_ABOUT_RETURN_TYPE = YES_ERROR;
				GCC_WARN_UNDECLARED_SELECTOR = YES;
				GCC_WARN_UNINITIALIZED_AUTOS = YES_AGGRESSIVE;
				GCC_WARN_UNUSED_FUNCTION = YES;
				GCC_WARN_UNUSED_VARIABLE = YES;
				IPHONEOS_DEPLOYMENT_TARGET = 9.3;
				MTL_ENABLE_DEBUG_INFO = YES;
				ONLY_ACTIVE_ARCH = YES;
				SDKROOT = iphoneos;
				SWIFT_OPTIMIZATION_LEVEL = "-Onone";
			};
			name = Debug;
		};
		84EB36B71D0D63E00032F0F9 /* Release */ = {
			isa = XCBuildConfiguration;
			buildSettings = {
				ALWAYS_SEARCH_USER_PATHS = NO;
				CLANG_ANALYZER_NONNULL = YES;
				CLANG_CXX_LANGUAGE_STANDARD = "gnu++0x";
				CLANG_CXX_LIBRARY = "libc++";
				CLANG_ENABLE_MODULES = YES;
				CLANG_ENABLE_OBJC_ARC = YES;
				CLANG_WARN_BOOL_CONVERSION = YES;
				CLANG_WARN_CONSTANT_CONVERSION = YES;
				CLANG_WARN_DIRECT_OBJC_ISA_USAGE = YES_ERROR;
				CLANG_WARN_EMPTY_BODY = YES;
				CLANG_WARN_ENUM_CONVERSION = YES;
				CLANG_WARN_INT_CONVERSION = YES;
				CLANG_WARN_OBJC_ROOT_CLASS = YES_ERROR;
				CLANG_WARN_UNREACHABLE_CODE = YES;
				CLANG_WARN__DUPLICATE_METHOD_MATCH = YES;
				"CODE_SIGN_IDENTITY[sdk=iphoneos*]" = "iPhone Developer";
				COPY_PHASE_STRIP = NO;
				DEBUG_INFORMATION_FORMAT = "dwarf-with-dsym";
				ENABLE_NS_ASSERTIONS = NO;
				ENABLE_STRICT_OBJC_MSGSEND = YES;
				GCC_C_LANGUAGE_STANDARD = gnu99;
				GCC_NO_COMMON_BLOCKS = YES;
				GCC_WARN_64_TO_32_BIT_CONVERSION = YES;
				GCC_WARN_ABOUT_RETURN_TYPE = YES_ERROR;
				GCC_WARN_UNDECLARED_SELECTOR = YES;
				GCC_WARN_UNINITIALIZED_AUTOS = YES_AGGRESSIVE;
				GCC_WARN_UNUSED_FUNCTION = YES;
				GCC_WARN_UNUSED_VARIABLE = YES;
				IPHONEOS_DEPLOYMENT_TARGET = 9.3;
				MTL_ENABLE_DEBUG_INFO = NO;
				SDKROOT = iphoneos;
				VALIDATE_PRODUCT = YES;
			};
			name = Release;
		};
		84EB36B91D0D63E00032F0F9 /* Debug */ = {
			isa = XCBuildConfiguration;
			baseConfigurationReference = 28C9D4A082448A1D42C03B81 /* Pods-ERP.debug.xcconfig */;
			buildSettings = {
				ASSETCATALOG_COMPILER_APPICON_NAME = AppIcon;
				CODE_SIGN_IDENTITY = "iPhone Developer";
				"CODE_SIGN_IDENTITY[sdk=iphoneos*]" = "iPhone Developer";
				DEFINES_MODULE = YES;
				INFOPLIST_FILE = ERP/Info.plist;
				IPHONEOS_DEPLOYMENT_TARGET = 8.0;
				LD_RUNPATH_SEARCH_PATHS = "$(inherited) @executable_path/Frameworks";
				PRODUCT_BUNDLE_IDENTIFIER = vu.com;
				PRODUCT_NAME = "$(TARGET_NAME)";
				PROVISIONING_PROFILE = "";
				TARGETED_DEVICE_FAMILY = 1;
			};
			name = Debug;
		};
		84EB36BA1D0D63E00032F0F9 /* Release */ = {
			isa = XCBuildConfiguration;
			baseConfigurationReference = DF7513E8D07B7B138EB56812 /* Pods-ERP.release.xcconfig */;
			buildSettings = {
				ASSETCATALOG_COMPILER_APPICON_NAME = AppIcon;
				CODE_SIGN_IDENTITY = "iPhone Developer";
				"CODE_SIGN_IDENTITY[sdk=iphoneos*]" = "iPhone Developer";
				DEFINES_MODULE = YES;
				INFOPLIST_FILE = ERP/Info.plist;
				IPHONEOS_DEPLOYMENT_TARGET = 8.0;
				LD_RUNPATH_SEARCH_PATHS = "$(inherited) @executable_path/Frameworks";
				PRODUCT_BUNDLE_IDENTIFIER = vu.com;
				PRODUCT_NAME = "$(TARGET_NAME)";
				PROVISIONING_PROFILE = "";
				TARGETED_DEVICE_FAMILY = 1;
			};
			name = Release;
		};
/* End XCBuildConfiguration section */

/* Begin XCConfigurationList section */
		84EB36A11D0D63E00032F0F9 /* Build configuration list for PBXProject "ERP" */ = {
			isa = XCConfigurationList;
			buildConfigurations = (
				84EB36B61D0D63E00032F0F9 /* Debug */,
				84EB36B71D0D63E00032F0F9 /* Release */,
			);
			defaultConfigurationIsVisible = 0;
			defaultConfigurationName = Release;
		};
		84EB36B81D0D63E00032F0F9 /* Build configuration list for PBXNativeTarget "ERP" */ = {
			isa = XCConfigurationList;
			buildConfigurations = (
				84EB36B91D0D63E00032F0F9 /* Debug */,
				84EB36BA1D0D63E00032F0F9 /* Release */,
			);
			defaultConfigurationIsVisible = 0;
			defaultConfigurationName = Release;
		};
/* End XCConfigurationList section */
	};
	rootObject = 84EB369E1D0D63E00032F0F9 /* Project object */;
}
